
Microsoft Visual Studio Solution File, Format Version 12.00
Project("{2150E333-8FDC-42A3-9474-1A3956D46DE8}") = "CSharp8", "CSharp8", "{8F116935-2AB1-46E5-9D1C-6ADC991E2E29}"
EndProject
Project("{2150E333-8FDC-42A3-9474-1A3956D46DE8}") = "EnhancedPatternMatching", "EnhancedPatternMatching", "{F715FCBF-E0D1-4813-A4DC-F09FD63ADEF9}"
EndProject
Project("{2150E333-8FDC-42A3-9474-1A3956D46DE8}") = "Solution Items", "Solution Items", "{86A01B94-EF19-46A5-A835-2AA0A2019E4D}"
	ProjectSection(SolutionItems) = preProject
		compose.yaml = compose.yaml
	EndProjectSection
EndProject
Project("{FAE04EC0-301F-11D3-BF4B-00C04F79EFBC}") = "CSharp8_PositionalPatterns", "src\CSharp8\EnhancedPatternMatching\CSharp8_PositionalPatterns\CSharp8_PositionalPatterns.csproj", "{D361E245-A4B6-4512-B1A1-8EB50D3ED087}"
EndProject
Project("{FAE04EC0-301F-11D3-BF4B-00C04F79EFBC}") = "CSharp8_PropertyPatterns", "src\CSharp8\EnhancedPatternMatching\CSharp8_PropertyPatterns\CSharp8_PropertyPatterns.csproj", "{8EB52BEA-60B0-4DE1-85FD-F70B9B9AFD8E}"
EndProject
Project("{FAE04EC0-301F-11D3-BF4B-00C04F79EFBC}") = "CSharp8_SwitchExpressions", "src\CSharp8\EnhancedPatternMatching\CSharp8_SwitchExpressions\CSharp8_SwitchExpressions.csproj", "{C40AE45F-A9CF-43C4-8FBA-4B86E2307081}"
EndProject
Project("{FAE04EC0-301F-11D3-BF4B-00C04F79EFBC}") = "CSharp8_TuplePatterns", "src\CSharp8\EnhancedPatternMatching\CSharp8_TuplePatterns\CSharp8_TuplePatterns.csproj", "{B1D1A479-BA6F-42C7-B910-86D46B590E07}"
EndProject
Project("{FAE04EC0-301F-11D3-BF4B-00C04F79EFBC}") = "CSharp8_AsynchronousStreams", "src\CSharp8\CSharp8_AsynchronousStreams\CSharp8_AsynchronousStreams.csproj", "{05057A6A-31D7-449A-B578-EB517DA15400}"
EndProject
Project("{FAE04EC0-301F-11D3-BF4B-00C04F79EFBC}") = "CSharp8_DefaultInterfaceMethods", "src\CSharp8\CSharp8_DefaultInterfaceMethods\CSharp8_DefaultInterfaceMethods.csproj", "{1D8BB800-B9DE-4DFA-ABCB-92D63BED477A}"
EndProject
Project("{FAE04EC0-301F-11D3-BF4B-00C04F79EFBC}") = "CSharp8_DisposableRefStructs", "src\CSharp8\CSharp8_DisposableRefStructs\CSharp8_DisposableRefStructs.csproj", "{21CD2AD8-E317-4C9B-982E-51FFE88C0EDE}"
EndProject
Project("{FAE04EC0-301F-11D3-BF4B-00C04F79EFBC}") = "CSharp8_LocalFunctions", "src\CSharp8\CSharp8_LocalFunctions\CSharp8_LocalFunctions.csproj", "{0DB501D6-7064-483C-9308-3DC453716802}"
EndProject
Project("{FAE04EC0-301F-11D3-BF4B-00C04F79EFBC}") = "CSharp8_NullableReferenceTypes", "src\CSharp8\CSharp8_NullableReferenceTypes\CSharp8_NullableReferenceTypes.csproj", "{67170EF2-6902-4255-ABF3-6806A9B772CD}"
EndProject
Project("{FAE04EC0-301F-11D3-BF4B-00C04F79EFBC}") = "CSharp8_ReadonlyStruct", "src\CSharp8\CSharp8_ReadonlyStruct\CSharp8_ReadonlyStruct.csproj", "{949D2E87-9A28-49E0-BBA2-687C99A6D460}"
EndProject
Project("{FAE04EC0-301F-11D3-BF4B-00C04F79EFBC}") = "CSharp8_UsingDeclarations", "src\CSharp8\CSharp8_UsingDeclarations\CSharp8_UsingDeclarations.csproj", "{3AF25BB9-195E-4B7D-AA89-57094C20F3D7}"
EndProject
Project("{FAE04EC0-301F-11D3-BF4B-00C04F79EFBC}") = "IndicesAndRanges", "src\CSharp8\IndicesAndRanges\IndicesAndRanges.csproj", "{1B0E397E-A823-4041-AC80-6D5EE6A85E2D}"
EndProject
Project("{FAE04EC0-301F-11D3-BF4B-00C04F79EFBC}") = "NullCoalescingOperators", "src\CSharp8\NullCoalescingOperators\NullCoalescingOperators.csproj", "{6C4C606F-DAA5-469F-9F0D-015E67B76BAD}"
EndProject
Global
	GlobalSection(SolutionConfigurationPlatforms) = preSolution
		Debug|Any CPU = Debug|Any CPU
		Release|Any CPU = Release|Any CPU
	EndGlobalSection
	GlobalSection(ProjectConfigurationPlatforms) = postSolution
		{D361E245-A4B6-4512-B1A1-8EB50D3ED087}.Debug|Any CPU.ActiveCfg = Debug|Any CPU
		{D361E245-A4B6-4512-B1A1-8EB50D3ED087}.Debug|Any CPU.Build.0 = Debug|Any CPU
		{D361E245-A4B6-4512-B1A1-8EB50D3ED087}.Release|Any CPU.ActiveCfg = Release|Any CPU
		{D361E245-A4B6-4512-B1A1-8EB50D3ED087}.Release|Any CPU.Build.0 = Release|Any CPU
		{8EB52BEA-60B0-4DE1-85FD-F70B9B9AFD8E}.Debug|Any CPU.ActiveCfg = Debug|Any CPU
		{8EB52BEA-60B0-4DE1-85FD-F70B9B9AFD8E}.Debug|Any CPU.Build.0 = Debug|Any CPU
		{8EB52BEA-60B0-4DE1-85FD-F70B9B9AFD8E}.Release|Any CPU.ActiveCfg = Release|Any CPU
		{8EB52BEA-60B0-4DE1-85FD-F70B9B9AFD8E}.Release|Any CPU.Build.0 = Release|Any CPU
		{C40AE45F-A9CF-43C4-8FBA-4B86E2307081}.Debug|Any CPU.ActiveCfg = Debug|Any CPU
		{C40AE45F-A9CF-43C4-8FBA-4B86E2307081}.Debug|Any CPU.Build.0 = Debug|Any CPU
		{C40AE45F-A9CF-43C4-8FBA-4B86E2307081}.Release|Any CPU.ActiveCfg = Release|Any CPU
		{C40AE45F-A9CF-43C4-8FBA-4B86E2307081}.Release|Any CPU.Build.0 = Release|Any CPU
		{B1D1A479-BA6F-42C7-B910-86D46B590E07}.Debug|Any CPU.ActiveCfg = Debug|Any CPU
		{B1D1A479-BA6F-42C7-B910-86D46B590E07}.Debug|Any CPU.Build.0 = Debug|Any CPU
		{B1D1A479-BA6F-42C7-B910-86D46B590E07}.Release|Any CPU.ActiveCfg = Release|Any CPU
		{B1D1A479-BA6F-42C7-B910-86D46B590E07}.Release|Any CPU.Build.0 = Release|Any CPU
		{05057A6A-31D7-449A-B578-EB517DA15400}.Debug|Any CPU.ActiveCfg = Debug|Any CPU
		{05057A6A-31D7-449A-B578-EB517DA15400}.Debug|Any CPU.Build.0 = Debug|Any CPU
		{05057A6A-31D7-449A-B578-EB517DA15400}.Release|Any CPU.ActiveCfg = Release|Any CPU
		{05057A6A-31D7-449A-B578-EB517DA15400}.Release|Any CPU.Build.0 = Release|Any CPU
		{1D8BB800-B9DE-4DFA-ABCB-92D63BED477A}.Debug|Any CPU.ActiveCfg = Debug|Any CPU
		{1D8BB800-B9DE-4DFA-ABCB-92D63BED477A}.Debug|Any CPU.Build.0 = Debug|Any CPU
		{1D8BB800-B9DE-4DFA-ABCB-92D63BED477A}.Release|Any CPU.ActiveCfg = Release|Any CPU
		{1D8BB800-B9DE-4DFA-ABCB-92D63BED477A}.Release|Any CPU.Build.0 = Release|Any CPU
		{21CD2AD8-E317-4C9B-982E-51FFE88C0EDE}.Debug|Any CPU.ActiveCfg = Debug|Any CPU
		{21CD2AD8-E317-4C9B-982E-51FFE88C0EDE}.Debug|Any CPU.Build.0 = Debug|Any CPU
		{21CD2AD8-E317-4C9B-982E-51FFE88C0EDE}.Release|Any CPU.ActiveCfg = Release|Any CPU
		{21CD2AD8-E317-4C9B-982E-51FFE88C0EDE}.Release|Any CPU.Build.0 = Release|Any CPU
		{0DB501D6-7064-483C-9308-3DC453716802}.Debug|Any CPU.ActiveCfg = Debug|Any CPU
		{0DB501D6-7064-483C-9308-3DC453716802}.Debug|Any CPU.Build.0 = Debug|Any CPU
		{0DB501D6-7064-483C-9308-3DC453716802}.Release|Any CPU.ActiveCfg = Release|Any CPU
		{0DB501D6-7064-483C-9308-3DC453716802}.Release|Any CPU.Build.0 = Release|Any CPU
		{67170EF2-6902-4255-ABF3-6806A9B772CD}.Debug|Any CPU.ActiveCfg = Debug|Any CPU
		{67170EF2-6902-4255-ABF3-6806A9B772CD}.Debug|Any CPU.Build.0 = Debug|Any CPU
		{67170EF2-6902-4255-ABF3-6806A9B772CD}.Release|Any CPU.ActiveCfg = Release|Any CPU
		{67170EF2-6902-4255-ABF3-6806A9B772CD}.Release|Any CPU.Build.0 = Release|Any CPU
		{949D2E87-9A28-49E0-BBA2-687C99A6D460}.Debug|Any CPU.ActiveCfg = Debug|Any CPU
		{949D2E87-9A28-49E0-BBA2-687C99A6D460}.Debug|Any CPU.Build.0 = Debug|Any CPU
		{949D2E87-9A28-49E0-BBA2-687C99A6D460}.Release|Any CPU.ActiveCfg = Release|Any CPU
		{949D2E87-9A28-49E0-BBA2-687C99A6D460}.Release|Any CPU.Build.0 = Release|Any CPU
		{3AF25BB9-195E-4B7D-AA89-57094C20F3D7}.Debug|Any CPU.ActiveCfg = Debug|Any CPU
		{3AF25BB9-195E-4B7D-AA89-57094C20F3D7}.Debug|Any CPU.Build.0 = Debug|Any CPU
		{3AF25BB9-195E-4B7D-AA89-57094C20F3D7}.Release|Any CPU.ActiveCfg = Release|Any CPU
		{3AF25BB9-195E-4B7D-AA89-57094C20F3D7}.Release|Any CPU.Build.0 = Release|Any CPU
		{1B0E397E-A823-4041-AC80-6D5EE6A85E2D}.Debug|Any CPU.ActiveCfg = Debug|Any CPU
		{1B0E397E-A823-4041-AC80-6D5EE6A85E2D}.Debug|Any CPU.Build.0 = Debug|Any CPU
		{1B0E397E-A823-4041-AC80-6D5EE6A85E2D}.Release|Any CPU.ActiveCfg = Release|Any CPU
		{1B0E397E-A823-4041-AC80-6D5EE6A85E2D}.Release|Any CPU.Build.0 = Release|Any CPU
		{6C4C606F-DAA5-469F-9F0D-015E67B76BAD}.Debug|Any CPU.ActiveCfg = Debug|Any CPU
		{6C4C606F-DAA5-469F-9F0D-015E67B76BAD}.Debug|Any CPU.Build.0 = Debug|Any CPU
		{6C4C606F-DAA5-469F-9F0D-015E67B76BAD}.Release|Any CPU.ActiveCfg = Release|Any CPU
		{6C4C606F-DAA5-469F-9F0D-015E67B76BAD}.Release|Any CPU.Build.0 = Release|Any CPU
	EndGlobalSection
	GlobalSection(NestedProjects) = preSolution
		{F715FCBF-E0D1-4813-A4DC-F09FD63ADEF9} = {8F116935-2AB1-46E5-9D1C-6ADC991E2E29}
		{D361E245-A4B6-4512-B1A1-8EB50D3ED087} = {F715FCBF-E0D1-4813-A4DC-F09FD63ADEF9}
		{8EB52BEA-60B0-4DE1-85FD-F70B9B9AFD8E} = {F715FCBF-E0D1-4813-A4DC-F09FD63ADEF9}
		{C40AE45F-A9CF-43C4-8FBA-4B86E2307081} = {F715FCBF-E0D1-4813-A4DC-F09FD63ADEF9}
		{B1D1A479-BA6F-42C7-B910-86D46B590E07} = {F715FCBF-E0D1-4813-A4DC-F09FD63ADEF9}
		{05057A6A-31D7-449A-B578-EB517DA15400} = {8F116935-2AB1-46E5-9D1C-6ADC991E2E29}
		{1D8BB800-B9DE-4DFA-ABCB-92D63BED477A} = {8F116935-2AB1-46E5-9D1C-6ADC991E2E29}
		{21CD2AD8-E317-4C9B-982E-51FFE88C0EDE} = {8F116935-2AB1-46E5-9D1C-6ADC991E2E29}
		{0DB501D6-7064-483C-9308-3DC453716802} = {8F116935-2AB1-46E5-9D1C-6ADC991E2E29}
		{67170EF2-6902-4255-ABF3-6806A9B772CD} = {8F116935-2AB1-46E5-9D1C-6ADC991E2E29}
		{949D2E87-9A28-49E0-BBA2-687C99A6D460} = {8F116935-2AB1-46E5-9D1C-6ADC991E2E29}
		{3AF25BB9-195E-4B7D-AA89-57094C20F3D7} = {8F116935-2AB1-46E5-9D1C-6ADC991E2E29}
		{1B0E397E-A823-4041-AC80-6D5EE6A85E2D} = {8F116935-2AB1-46E5-9D1C-6ADC991E2E29}
		{6C4C606F-DAA5-469F-9F0D-015E67B76BAD} = {8F116935-2AB1-46E5-9D1C-6ADC991E2E29}
	EndGlobalSection
EndGlobal
